// !$*UTF8*$!
{
	archiveVersion = 1;
	classes = {
	};
	objectVersion = 56;
	objects = {

/* Begin PBXBuildFile section */
		80484FF62926B54C00B37419 /* Musa.swift in Sources */ = {isa = PBXBuildFile; fileRef = 80484FF52926B54C00B37419 /* Musa.swift */; };
		80964D74292867EB00281897 /* CollectionViewController.swift in Sources */ = {isa = PBXBuildFile; fileRef = 80964D73292867EB00281897 /* CollectionViewController.swift */; };
		80964D762928E7F500281897 /* CollectionViewCell.swift in Sources */ = {isa = PBXBuildFile; fileRef = 80964D752928E7F500281897 /* CollectionViewCell.swift */; };
		80964D7A292A01E400281897 /* WebKit.framework in Frameworks */ = {isa = PBXBuildFile; fileRef = 80964D79292A01E400281897 /* WebKit.framework */; };
		80964D7C292AB81A00281897 /* ImagenViewController.swift in Sources */ = {isa = PBXBuildFile; fileRef = 80964D7B292AB81A00281897 /* ImagenViewController.swift */; };
		80ED5E2229257A15008A7DED /* AppDelegate.swift in Sources */ = {isa = PBXBuildFile; fileRef = 80ED5E2129257A15008A7DED /* AppDelegate.swift */; };
		80ED5E2429257A15008A7DED /* SceneDelegate.swift in Sources */ = {isa = PBXBuildFile; fileRef = 80ED5E2329257A15008A7DED /* SceneDelegate.swift */; };
		80ED5E2929257A15008A7DED /* Main.storyboard in Resources */ = {isa = PBXBuildFile; fileRef = 80ED5E2729257A15008A7DED /* Main.storyboard */; };
		80ED5E2B29257A16008A7DED /* Assets.xcassets in Resources */ = {isa = PBXBuildFile; fileRef = 80ED5E2A29257A16008A7DED /* Assets.xcassets */; };
		80ED5E2E29257A16008A7DED /* LaunchScreen.storyboard in Resources */ = {isa = PBXBuildFile; fileRef = 80ED5E2C29257A16008A7DED /* LaunchScreen.storyboard */; };
		80ED5E3629257A96008A7DED /* TableViewController.swift in Sources */ = {isa = PBXBuildFile; fileRef = 80ED5E3529257A96008A7DED /* TableViewController.swift */; };
		80ED5E3829257AF6008A7DED /* DetailViewController.swift in Sources */ = {isa = PBXBuildFile; fileRef = 80ED5E3729257AF6008A7DED /* DetailViewController.swift */; };
		80ED5E3A29257E11008A7DED /* TableViewCell.swift in Sources */ = {isa = PBXBuildFile; fileRef = 80ED5E3929257E11008A7DED /* TableViewCell.swift */; };
/* End PBXBuildFile section */

/* Begin PBXFileReference section */
		80484FF52926B54C00B37419 /* Musa.swift */ = {isa = PBXFileReference; lastKnownFileType = sourcecode.swift; path = Musa.swift; sourceTree = "<group>"; };
		80964D73292867EB00281897 /* CollectionViewController.swift */ = {isa = PBXFileReference; lastKnownFileType = sourcecode.swift; path = CollectionViewController.swift; sourceTree = "<group>"; };
		80964D752928E7F500281897 /* CollectionViewCell.swift */ = {isa = PBXFileReference; lastKnownFileType = sourcecode.swift; path = CollectionViewCell.swift; sourceTree = "<group>"; };
		80964D79292A01E400281897 /* WebKit.framework */ = {isa = PBXFileReference; lastKnownFileType = wrapper.framework; name = WebKit.framework; path = System/Library/Frameworks/WebKit.framework; sourceTree = SDKROOT; };
		80964D7B292AB81A00281897 /* ImagenViewController.swift */ = {isa = PBXFileReference; lastKnownFileType = sourcecode.swift; path = ImagenViewController.swift; sourceTree = "<group>"; };
		80ED5E1E29257A15008A7DED /* MusasDelSwing.app */ = {isa = PBXFileReference; explicitFileType = wrapper.application; includeInIndex = 0; path = MusasDelSwing.app; sourceTree = BUILT_PRODUCTS_DIR; };
		80ED5E2129257A15008A7DED /* AppDelegate.swift */ = {isa = PBXFileReference; lastKnownFileType = sourcecode.swift; path = AppDelegate.swift; sourceTree = "<group>"; };
		80ED5E2329257A15008A7DED /* SceneDelegate.swift */ = {isa = PBXFileReference; lastKnownFileType = sourcecode.swift; path = SceneDelegate.swift; sourceTree = "<group>"; };
		80ED5E2829257A15008A7DED /* Base */ = {isa = PBXFileReference; lastKnownFileType = file.storyboard; name = Base; path = Base.lproj/Main.storyboard; sourceTree = "<group>"; };
		80ED5E2A29257A16008A7DED /* Assets.xcassets */ = {isa = PBXFileReference; lastKnownFileType = folder.assetcatalog; path = Assets.xcassets; sourceTree = "<group>"; };
		80ED5E2D29257A16008A7DED /* Base */ = {isa = PBXFileReference; lastKnownFileType = file.storyboard; name = Base; path = Base.lproj/LaunchScreen.storyboard; sourceTree = "<group>"; };
		80ED5E2F29257A16008A7DED /* Info.plist */ = {isa = PBXFileReference; lastKnownFileType = text.plist.xml; path = Info.plist; sourceTree = "<group>"; };
		80ED5E3529257A96008A7DED /* TableViewController.swift */ = {isa = PBXFileReference; lastKnownFileType = sourcecode.swift; path = TableViewController.swift; sourceTree = "<group>"; };
		80ED5E3729257AF6008A7DED /* DetailViewController.swift */ = {isa = PBXFileReference; lastKnownFileType = sourcecode.swift; path = DetailViewController.swift; sourceTree = "<group>"; };
		80ED5E3929257E11008A7DED /* TableViewCell.swift */ = {isa = PBXFileReference; lastKnownFileType = sourcecode.swift; path = TableViewCell.swift; sourceTree = "<group>"; };
/* End PBXFileReference section */

/* Begin PBXFrameworksBuildPhase section */
		80ED5E1B29257A15008A7DED /* Frameworks */ = {
			isa = PBXFrameworksBuildPhase;
			buildActionMask = 2147483647;
			files = (
				80964D7A292A01E400281897 /* WebKit.framework in Frameworks */,
			);
			runOnlyForDeploymentPostprocessing = 0;
		};
/* End PBXFrameworksBuildPhase section */

/* Begin PBXGroup section */
		80964D78292A01E400281897 /* Frameworks */ = {
			isa = PBXGroup;
			children = (
				80964D79292A01E400281897 /* WebKit.framework */,
			);
			name = Frameworks;
			sourceTree = "<group>";
		};
		80ED5E1529257A15008A7DED = {
			isa = PBXGroup;
			children = (
				80ED5E2029257A15008A7DED /* MusasDelSwing */,
				80ED5E1F29257A15008A7DED /* Products */,
				80964D78292A01E400281897 /* Frameworks */,
			);
			sourceTree = "<group>";
		};
		80ED5E1F29257A15008A7DED /* Products */ = {
			isa = PBXGroup;
			children = (
				80ED5E1E29257A15008A7DED /* MusasDelSwing.app */,
			);
			name = Products;
			sourceTree = "<group>";
		};
		80ED5E2029257A15008A7DED /* MusasDelSwing */ = {
			isa = PBXGroup;
			children = (
				80ED5E2129257A15008A7DED /* AppDelegate.swift */,
				80ED5E2329257A15008A7DED /* SceneDelegate.swift */,
				80ED5E3529257A96008A7DED /* TableViewController.swift */,
				80ED5E3729257AF6008A7DED /* DetailViewController.swift */,
				80ED5E3929257E11008A7DED /* TableViewCell.swift */,
				80484FF52926B54C00B37419 /* Musa.swift */,
				80964D73292867EB00281897 /* CollectionViewController.swift */,
				80964D752928E7F500281897 /* CollectionViewCell.swift */,
				80964D7B292AB81A00281897 /* ImagenViewController.swift */,
				80ED5E2729257A15008A7DED /* Main.storyboard */,
				80ED5E2A29257A16008A7DED /* Assets.xcassets */,
				80ED5E2C29257A16008A7DED /* LaunchScreen.storyboard */,
				80ED5E2F29257A16008A7DED /* Info.plist */,
			);
			path = MusasDelSwing;
			sourceTree = "<group>";
		};
/* End PBXGroup section */

/* Begin PBXNativeTarget section */
		80ED5E1D29257A15008A7DED /* MusasDelSwing */ = {
			isa = PBXNativeTarget;
			buildConfigurationList = 80ED5E3229257A16008A7DED /* Build configuration list for PBXNativeTarget "MusasDelSwing" */;
			buildPhases = (
				80ED5E1A29257A15008A7DED /* Sources */,
				80ED5E1B29257A15008A7DED /* Frameworks */,
				80ED5E1C29257A15008A7DED /* Resources */,
			);
			buildRules = (
			);
			dependencies = (
			);
			name = MusasDelSwing;
			productName = MusasDelSwing;
			productReference = 80ED5E1E29257A15008A7DED /* MusasDelSwing.app */;
			productType = "com.apple.product-type.application";
		};
/* End PBXNativeTarget section */

/* Begin PBXProject section */
		80ED5E1629257A15008A7DED /* Project object */ = {
			isa = PBXProject;
			attributes = {
				BuildIndependentTargetsInParallel = 1;
				LastSwiftUpdateCheck = 1400;
				LastUpgradeCheck = 1400;
				TargetAttributes = {
					80ED5E1D29257A15008A7DED = {
						CreatedOnToolsVersion = 14.0.1;
					};
				};
			};
			buildConfigurationList = 80ED5E1929257A15008A7DED /* Build configuration list for PBXProject "MusasDelSwing" */;
			compatibilityVersion = "Xcode 14.0";
			developmentRegion = en;
			hasScannedForEncodings = 0;
			knownRegions = (
				en,
				Base,
			);
			mainGroup = 80ED5E1529257A15008A7DED;
			productRefGroup = 80ED5E1F29257A15008A7DED /* Products */;
			projectDirPath = "";
			projectRoot = "";
			targets = (
				80ED5E1D29257A15008A7DED /* MusasDelSwing */,
			);
		};
/* End PBXProject section */

/* Begin PBXResourcesBuildPhase section */
		80ED5E1C29257A15008A7DED /* Resources */ = {
			isa = PBXResourcesBuildPhase;
			buildActionMask = 2147483647;
			files = (
				80ED5E2E29257A16008A7DED /* LaunchScreen.storyboard in Resources */,
				80ED5E2B29257A16008A7DED /* Assets.xcassets in Resources */,
				80ED5E2929257A15008A7DED /* Main.storyboard in Resources */,
			);
			runOnlyForDeploymentPostprocessing = 0;
		};
/* End PBXResourcesBuildPhase section */

/* Begin PBXSourcesBuildPhase section */
		80ED5E1A29257A15008A7DED /* Sources */ = {
			isa = PBXSourcesBuildPhase;
			buildActionMask = 2147483647;
			files = (
				80ED5E2229257A15008A7DED /* AppDelegate.swift in Sources */,
				80ED5E3829257AF6008A7DED /* DetailViewController.swift in Sources */,
				80ED5E3A29257E11008A7DED /* TableViewCell.swift in Sources */,
				80964D74292867EB00281897 /* CollectionViewController.swift in Sources */,
				80ED5E2429257A15008A7DED /* SceneDelegate.swift in Sources */,
				80ED5E3629257A96008A7DED /* TableViewController.swift in Sources */,
				80964D7C292AB81A00281897 /* ImagenViewController.swift in Sources */,
				80484FF62926B54C00B37419 /* Musa.swift in Sources */,
				80964D762928E7F500281897 /* CollectionViewCell.swift in Sources */,
			);
			runOnlyForDeploymentPostprocessing = 0;
		};
/* End PBXSourcesBuildPhase section */

/* Begin PBXVariantGroup section */
		80ED5E2729257A15008A7DED /* Main.storyboard */ = {
			isa = PBXVariantGroup;
			children = (
				80ED5E2829257A15008A7DED /* Base */,
			);
			name = Main.storyboard;
			sourceTree = "<group>";
		};
		80ED5E2C29257A16008A7DED /* LaunchScreen.storyboard */ = {
			isa = PBXVariantGroup;
			children = (
				80ED5E2D29257A16008A7DED /* Base */,
			);
			name = LaunchScreen.storyboard;
			sourceTree = "<group>";
		};
/* End PBXVariantGroup section */

/* Begin XCBuildConfiguration section */
		80ED5E3029257A16008A7DED /* Debug */ = {
			isa = XCBuildConfiguration;
			buildSettings = {
				ALWAYS_SEARCH_USER_PATHS = NO;
				CLANG_ANALYZER_NONNULL = YES;
				CLANG_ANALYZER_NUMBER_OBJECT_CONVERSION = YES_AGGRESSIVE;
				CLANG_CXX_LANGUAGE_STANDARD = "gnu++20";
				CLANG_ENABLE_MODULES = YES;
				CLANG_ENABLE_OBJC_ARC = YES;
				CLANG_ENABLE_OBJC_WEAK = YES;
				CLANG_WARN_BLOCK_CAPTURE_AUTORELEASING = YES;
				CLANG_WARN_BOOL_CONVERSION = YES;
				CLANG_WARN_COMMA = YES;
				CLANG_WARN_CONSTANT_CONVERSION = YES;
				CLANG_WARN_DEPRECATED_OBJC_IMPLEMENTATIONS = YES;
				CLANG_WARN_DIRECT_OBJC_ISA_USAGE = YES_ERROR;
				CLANG_WARN_DOCUMENTATION_COMMENTS = YES;
				CLANG_WARN_EMPTY_BODY = YES;
				CLANG_WARN_ENUM_CONVERSION = YES;
				CLANG_WARN_INFINITE_RECURSION = YES;
				CLANG_WARN_INT_CONVERSION = YES;
				CLANG_WARN_NON_LITERAL_NULL_CONVERSION = YES;
				CLANG_WARN_OBJC_IMPLICIT_RETAIN_SELF = YES;
				CLANG_WARN_OBJC_LITERAL_CONVERSION = YES;
				CLANG_WARN_OBJC_ROOT_CLASS = YES_ERROR;
				CLANG_WARN_QUOTED_INCLUDE_IN_FRAMEWORK_HEADER = YES;
				CLANG_WARN_RANGE_LOOP_ANALYSIS = YES;
				CLANG_WARN_STRICT_PROTOTYPES = YES;
				CLANG_WARN_SUSPICIOUS_MOVE = YES;
				CLANG_WARN_UNGUARDED_AVAILABILITY = YES_AGGRESSIVE;
				CLANG_WARN_UNREACHABLE_CODE = YES;
				CLANG_WARN__DUPLICATE_METHOD_MATCH = YES;
				COPY_PHASE_STRIP = NO;
				DEBUG_INFORMATION_FORMAT = dwarf;
				ENABLE_STRICT_OBJC_MSGSEND = YES;
				ENABLE_TESTABILITY = YES;
				GCC_C_LANGUAGE_STANDARD = gnu11;
				GCC_DYNAMIC_NO_PIC = NO;
				GCC_NO_COMMON_BLOCKS = YES;
				GCC_OPTIMIZATION_LEVEL = 0;
				GCC_PREPROCESSOR_DEFINITIONS = (
					"DEBUG=1",
					"$(inherited)",
				);
				GCC_WARN_64_TO_32_BIT_CONVERSION = YES;
				GCC_WARN_ABOUT_RETURN_TYPE = YES_ERROR;
				GCC_WARN_UNDECLARED_SELECTOR = YES;
				GCC_WARN_UNINITIALIZED_AUTOS = YES_AGGRESSIVE;
				GCC_WARN_UNUSED_FUNCTION = YES;
				GCC_WARN_UNUSED_VARIABLE = YES;
				IPHONEOS_DEPLOYMENT_TARGET = 16.0;
				MTL_ENABLE_DEBUG_INFO = INCLUDE_SOURCE;
				MTL_FAST_MATH = YES;
				ONLY_ACTIVE_ARCH = YES;
				SDKROOT = iphoneos;
				SWIFT_ACTIVE_COMPILATION_CONDITIONS = DEBUG;
				SWIFT_OPTIMIZATION_LEVEL = "-Onone";
			};
			name = Debug;
		};
		80ED5E3129257A16008A7DED /* Release */ = {
			isa = XCBuildConfiguration;
			buildSettings = {
				ALWAYS_SEARCH_USER_PATHS = NO;
				CLANG_ANALYZER_NONNULL = YES;
				CLANG_ANALYZER_NUMBER_OBJECT_CONVERSION = YES_AGGRESSIVE;
				CLANG_CXX_LANGUAGE_STANDARD = "gnu++20";
				CLANG_ENABLE_MODULES = YES;
				CLANG_ENABLE_OBJC_ARC = YES;
				CLANG_ENABLE_OBJC_WEAK = YES;
				CLANG_WARN_BLOCK_CAPTURE_AUTORELEASING = YES;
				CLANG_WARN_BOOL_CONVERSION = YES;
				CLANG_WARN_COMMA = YES;
				CLANG_WARN_CONSTANT_CONVERSION = YES;
				CLANG_WARN_DEPRECATED_OBJC_IMPLEMENTATIONS = YES;
				CLANG_WARN_DIRECT_OBJC_ISA_USAGE = YES_ERROR;
				CLANG_WARN_DOCUMENTATION_COMMENTS = YES;
				CLANG_WARN_EMPTY_BODY = YES;
				CLANG_WARN_ENUM_CONVERSION = YES;
				CLANG_WARN_INFINITE_RECURSION = YES;
				CLANG_WARN_INT_CONVERSION = YES;
				CLANG_WARN_NON_LITERAL_NULL_CONVERSION = YES;
				CLANG_WARN_OBJC_IMPLICIT_RETAIN_SELF = YES;
				CLANG_WARN_OBJC_LITERAL_CONVERSION = YES;
				CLANG_WARN_OBJC_ROOT_CLASS = YES_ERROR;
				CLANG_WARN_QUOTED_INCLUDE_IN_FRAMEWORK_HEADER = YES;
				CLANG_WARN_RANGE_LOOP_ANALYSIS = YES;
				CLANG_WARN_STRICT_PROTOTYPES = YES;
				CLANG_WARN_SUSPICIOUS_MOVE = YES;
				CLANG_WARN_UNGUARDED_AVAILABILITY = YES_AGGRESSIVE;
				CLANG_WARN_UNREACHABLE_CODE = YES;
				CLANG_WARN__DUPLICATE_METHOD_MATCH = YES;
				COPY_PHASE_STRIP = NO;
				DEBUG_INFORMATION_FORMAT = "dwarf-with-dsym";
				ENABLE_NS_ASSERTIONS = NO;
				ENABLE_STRICT_OBJC_MSGSEND = YES;
				GCC_C_LANGUAGE_STANDARD = gnu11;
				GCC_NO_COMMON_BLOCKS = YES;
				GCC_WARN_64_TO_32_BIT_CONVERSION = YES;
				GCC_WARN_ABOUT_RETURN_TYPE = YES_ERROR;
				GCC_WARN_UNDECLARED_SELECTOR = YES;
				GCC_WARN_UNINITIALIZED_AUTOS = YES_AGGRESSIVE;
				GCC_WARN_UNUSED_FUNCTION = YES;
				GCC_WARN_UNUSED_VARIABLE = YES;
				IPHONEOS_DEPLOYMENT_TARGET = 16.0;
				MTL_ENABLE_DEBUG_INFO = NO;
				MTL_FAST_MATH = YES;
				SDKROOT = iphoneos;
				SWIFT_COMPILATION_MODE = wholemodule;
				SWIFT_OPTIMIZATION_LEVEL = "-O";
				VALIDATE_PRODUCT = YES;
			};
			name = Release;
		};
		80ED5E3329257A16008A7DED /* Debug */ = {
			isa = XCBuildConfiguration;
			buildSettings = {
				ASSETCATALOG_COMPILER_APPICON_NAME = AppIcon;
				ASSETCATALOG_COMPILER_GLOBAL_ACCENT_COLOR_NAME = AccentColor;
				CODE_SIGN_STYLE = Automatic;
				CURRENT_PROJECT_VERSION = 1;
				DEVELOPMENT_TEAM = 8H2HWRDYEV;
				GENERATE_INFOPLIST_FILE = YES;
				INFOPLIST_FILE = MusasDelSwing/Info.plist;
				INFOPLIST_KEY_UIApplicationSupportsIndirectInputEvents = YES;
				INFOPLIST_KEY_UILaunchStoryboardName = LaunchScreen;
				INFOPLIST_KEY_UIMainStoryboardFile = Main;
				INFOPLIST_KEY_UISupportedInterfaceOrientations_iPad = "UIInterfaceOrientationPortrait UIInterfaceOrientationPortraitUpsideDown UIInterfaceOrientationLandscapeLeft UIInterfaceOrientationLandscapeRight";
				INFOPLIST_KEY_UISupportedInterfaceOrientations_iPhone = "UIInterfaceOrientationPortrait UIInterfaceOrientationLandscapeLeft UIInterfaceOrientationLandscapeRight";
				LD_RUNPATH_SEARCH_PATHS = (
					"$(inherited)",
					"@executable_path/Frameworks",
				);
				MARKETING_VERSION = 1.0;
				PRODUCT_BUNDLE_IDENTIFIER = es.ua.mastermoviles.MusasDelSwing;
				PRODUCT_NAME = "$(TARGET_NAME)";
				SWIFT_EMIT_LOC_STRINGS = YES;
				SWIFT_VERSION = 5.0;
				TARGETED_DEVICE_FAMILY = "1,2";
			};
			name = Debug;
		};
		80ED5E3429257A16008A7DED /* Release */ = {
			isa = XCBuildConfiguration;
			buildSettings = {
				ASSETCATALOG_COMPILER_APPICON_NAME = AppIcon;
				ASSETCATALOG_COMPILER_GLOBAL_ACCENT_COLOR_NAME = AccentColor;
				CODE_SIGN_STYLE = Automatic;
				CURRENT_PROJECT_VERSION = 1;
				DEVELOPMENT_TEAM = 8H2HWRDYEV;
				GENERATE_INFOPLIST_FILE = YES;
				INFOPLIST_FILE = MusasDelSwing/Info.plist;
				INFOPLIST_KEY_UIApplicationSupportsIndirectInputEvents = YES;
				INFOPLIST_KEY_UILaunchStoryboardName = LaunchScreen;
				INFOPLIST_KEY_UIMainStoryboardFile = Main;
				INFOPLIST_KEY_UISupportedInterfaceOrientations_iPad = "UIInterfaceOrientationPortrait UIInterfaceOrientationPortraitUpsideDown UIInterfaceOrientationLandscapeLeft UIInterfaceOrientationLandscapeRight";
				INFOPLIST_KEY_UISupportedInterfaceOrientations_iPhone = "UIInterfaceOrientationPortrait UIInterfaceOrientationLandscapeLeft UIInterfaceOrientationLandscapeRight";
				LD_RUNPATH_SEARCH_PATHS = (
					"$(inherited)",
					"@executable_path/Frameworks",
				);
				MARKETING_VERSION = 1.0;
				PRODUCT_BUNDLE_IDENTIFIER = es.ua.mastermoviles.MusasDelSwing;
				PRODUCT_NAME = "$(TARGET_NAME)";
				SWIFT_EMIT_LOC_STRINGS = YES;
				SWIFT_VERSION = 5.0;
				TARGETED_DEVICE_FAMILY = "1,2";
			};
			name = Release;
		};
/* End XCBuildConfiguration section */

/* Begin XCConfigurationList section */
		80ED5E1929257A15008A7DED /* Build configuration list for PBXProject "MusasDelSwing" */ = {
			isa = XCConfigurationList;
			buildConfigurations = (
				80ED5E3029257A16008A7DED /* Debug */,
				80ED5E3129257A16008A7DED /* Release */,
			);
			defaultConfigurationIsVisible = 0;
			defaultConfigurationName = Release;
		};
		80ED5E3229257A16008A7DED /* Build configuration list for PBXNativeTarget "MusasDelSwing" */ = {
			isa = XCConfigurationList;
			buildConfigurations = (
				80ED5E3329257A16008A7DED /* Debug */,
				80ED5E3429257A16008A7DED /* Release */,
			);
			defaultConfigurationIsVisible = 0;
			defaultConfigurationName = Release;
		};
/* End XCConfigurationList section */
	};
	rootObject = 80ED5E1629257A15008A7DED /* Project object */;
}
